
Microsoft Visual Studio Solution File, Format Version 12.00
# Visual Studio Version 17
VisualStudioVersion = 17.8.34309.116
MinimumVisualStudioVersion = 10.0.40219.1
Project("{FAE04EC0-301F-11D3-BF4B-00C04F79EFBC}") = "WhatsAppMaui", "WhatsAppMaui.csproj", "{73EC7915-2CC2-440B-811D-A591A141CABF}"
EndProject
Global
	GlobalSection(SolutionConfigurationPlatforms) = preSolution
		Debug|Any CPU = Debug|Any CPU
		Release|Any CPU = Release|Any CPU
	EndGlobalSection
	GlobalSection(ProjectConfigurationPlatforms) = postSolution
		{73EC7915-2CC2-440B-811D-A591A141CABF}.Debug|Any CPU.ActiveCfg = Debug|Any CPU
		{73EC7915-2CC2-440B-811D-A591A141CABF}.Debug|Any CPU.Build.0 = Debug|Any CPU
		{73EC7915-2CC2-440B-811D-A591A141CABF}.Debug|Any CPU.Deploy.0 = Debug|Any CPU
		{73EC7915-2CC2-440B-811D-A591A141CABF}.Release|Any CPU.ActiveCfg = Release|Any CPU
		{73EC7915-2CC2-440B-811D-A591A141CABF}.Release|Any CPU.Build.0 = Release|Any CPU
		{73EC7915-2CC2-440B-811D-A591A141CABF}.Release|Any CPU.Deploy.0 = Release|Any CPU
	EndGlobalSection
	GlobalSection(SolutionProperties) = preSolution
		HideSolutionNode = FALSE
	EndGlobalSection
	GlobalSection(ExtensibilityGlobals) = postSolution
		SolutionGuid = {521730D8-D21E-4D5E-A109-FD0D5D0439FB}
	EndGlobalSection
EndGlobal
